
Microsoft Visual Studio Solution File, Format Version 12.00
# Visual Studio Version 17
VisualStudioVersion = 17.5.33627.172
MinimumVisualStudioVersion = 10.0.40219.1
Project("{9A19103F-16F7-4668-BE54-9A1E7A4F7556}") = "EFcoreDbFirst", "EFcoreDbFirst\EFcoreDbFirst.csproj", "{E8094570-7DA6-44BC-9F35-8975547941CC}"
EndProject
Project("{9A19103F-16F7-4668-BE54-9A1E7A4F7556}") = "efCoreLinqSorgulari", "efCoreLinqSorgulari\efCoreLinqSorgulari.csproj", "{607F482F-DDA4-4763-8B7F-BD4CCDA798F4}"
EndProject
Project("{9A19103F-16F7-4668-BE54-9A1E7A4F7556}") = "EFCoreCodeFİrst", "EFCoreCodeFİrst\EFCoreCodeFİrst.csproj", "{226267C6-CA56-4CBF-A7BD-55FF4E74F78F}"
EndProject
Project("{9A19103F-16F7-4668-BE54-9A1E7A4F7556}") = "ReceteCodeFirst", "ReceteCodeFirst\ReceteCodeFirst.csproj", "{1E60A306-3714-477E-B7B3-1CC0AC11F0E6}"
EndProject
Project("{FAE04EC0-301F-11D3-BF4B-00C04F79EFBC}") = "ReceteNew", "ReceteNew\ReceteNew.csproj", "{8DC42CB4-7D4A-412E-8D39-04E58A2976E6}"
EndProject
Global
	GlobalSection(SolutionConfigurationPlatforms) = preSolution
		Debug|Any CPU = Debug|Any CPU
		Release|Any CPU = Release|Any CPU
	EndGlobalSection
	GlobalSection(ProjectConfigurationPlatforms) = postSolution
		{E8094570-7DA6-44BC-9F35-8975547941CC}.Debug|Any CPU.ActiveCfg = Debug|Any CPU
		{E8094570-7DA6-44BC-9F35-8975547941CC}.Debug|Any CPU.Build.0 = Debug|Any CPU
		{E8094570-7DA6-44BC-9F35-8975547941CC}.Release|Any CPU.ActiveCfg = Release|Any CPU
		{E8094570-7DA6-44BC-9F35-8975547941CC}.Release|Any CPU.Build.0 = Release|Any CPU
		{607F482F-DDA4-4763-8B7F-BD4CCDA798F4}.Debug|Any CPU.ActiveCfg = Debug|Any CPU
		{607F482F-DDA4-4763-8B7F-BD4CCDA798F4}.Debug|Any CPU.Build.0 = Debug|Any CPU
		{607F482F-DDA4-4763-8B7F-BD4CCDA798F4}.Release|Any CPU.ActiveCfg = Release|Any CPU
		{607F482F-DDA4-4763-8B7F-BD4CCDA798F4}.Release|Any CPU.Build.0 = Release|Any CPU
		{226267C6-CA56-4CBF-A7BD-55FF4E74F78F}.Debug|Any CPU.ActiveCfg = Debug|Any CPU
		{226267C6-CA56-4CBF-A7BD-55FF4E74F78F}.Debug|Any CPU.Build.0 = Debug|Any CPU
		{226267C6-CA56-4CBF-A7BD-55FF4E74F78F}.Release|Any CPU.ActiveCfg = Release|Any CPU
		{226267C6-CA56-4CBF-A7BD-55FF4E74F78F}.Release|Any CPU.Build.0 = Release|Any CPU
		{1E60A306-3714-477E-B7B3-1CC0AC11F0E6}.Debug|Any CPU.ActiveCfg = Debug|Any CPU
		{1E60A306-3714-477E-B7B3-1CC0AC11F0E6}.Debug|Any CPU.Build.0 = Debug|Any CPU
		{1E60A306-3714-477E-B7B3-1CC0AC11F0E6}.Release|Any CPU.ActiveCfg = Release|Any CPU
		{1E60A306-3714-477E-B7B3-1CC0AC11F0E6}.Release|Any CPU.Build.0 = Release|Any CPU
		{8DC42CB4-7D4A-412E-8D39-04E58A2976E6}.Debug|Any CPU.ActiveCfg = Debug|Any CPU
		{8DC42CB4-7D4A-412E-8D39-04E58A2976E6}.Debug|Any CPU.Build.0 = Debug|Any CPU
		{8DC42CB4-7D4A-412E-8D39-04E58A2976E6}.Release|Any CPU.ActiveCfg = Release|Any CPU
		{8DC42CB4-7D4A-412E-8D39-04E58A2976E6}.Release|Any CPU.Build.0 = Release|Any CPU
	EndGlobalSection
	GlobalSection(SolutionProperties) = preSolution
		HideSolutionNode = FALSE
	EndGlobalSection
	GlobalSection(ExtensibilityGlobals) = postSolution
		SolutionGuid = {7E363339-0B53-4B7D-9A39-89D0DFFA7A72}
	EndGlobalSection
EndGlobal
